
Microsoft Visual Studio Solution File, Format Version 12.00
# Visual Studio 2013
VisualStudioVersion = 12.0.40629.0
MinimumVisualStudioVersion = 10.0.40219.1
Project("{FAE04EC0-301F-11D3-BF4B-00C04F79EFBC}") = "GettingStartedLib", "GettingStartedLib\GettingStartedLib.csproj", "{A1EB4299-C924-4FF7-BEC0-FAEAE9ADFD1E}"
EndProject
Project("{FAE04EC0-301F-11D3-BF4B-00C04F79EFBC}") = "GettingStartedHost", "GettingStartedHost\GettingStartedHost.csproj", "{D336C741-883F-4DDB-A0ED-794B1297574E}"
EndProject
Project("{FAE04EC0-301F-11D3-BF4B-00C04F79EFBC}") = "GettingStartedClient", "GettingStartedClient\GettingStartedClient.csproj", "{F588B385-BEA4-4B78-814D-347AB40F8903}"
EndProject
Project("{FAE04EC0-301F-11D3-BF4B-00C04F79EFBC}") = "GettingStartedRest", "GettingStartedRest\GettingStartedRest.csproj", "{A382C15E-0634-4279-B8DB-F5418B306E95}"
EndProject
Project("{FAE04EC0-301F-11D3-BF4B-00C04F79EFBC}") = "GettingStartedExposeContract", "GettingStartedExposeContract\GettingStartedExposeContract.csproj", "{A389E457-473D-41F5-B1CE-066B477C24B5}"
EndProject
Project("{FAE04EC0-301F-11D3-BF4B-00C04F79EFBC}") = "GettingStartedArbitraryData", "GettingStartedArbitraryData\GettingStartedArbitraryData.csproj", "{43F15AE7-D604-4190-A6D5-7C02C921397E}"
EndProject
Project("{FAE04EC0-301F-11D3-BF4B-00C04F79EFBC}") = "GettingStartedAcceptArbitraryData", "GettingStartedAcceptArbitraryData\GettingStartedAcceptArbitraryData.csproj", "{E4810DC5-6D6E-4D41-8171-CCF1699E0DED}"
EndProject
Project("{FAE04EC0-301F-11D3-BF4B-00C04F79EFBC}") = "GettingStartedCallRestFromWCF", "GettingStartedCallRestFromWCF\GettingStartedCallRestFromWCF.csproj", "{18771E05-7B47-4B19-8F93-9ECBF998A95C}"
EndProject
Project("{FAE04EC0-301F-11D3-BF4B-00C04F79EFBC}") = "GettingStartedUDPTransport", "GettingStartedUDPTransport\GettingStartedUDPTransport.csproj", "{3E59BE95-DE6F-470A-8EC0-4D82AE438377}"
EndProject
Project("{FAE04EC0-301F-11D3-BF4B-00C04F79EFBC}") = "GettingStartedUDPTransportConsumers", "GettingStartedUDPTransportSender\GettingStartedUDPTransportConsumers.csproj", "{433B2DE8-19EF-4B51-84DA-3E57BA93DA4B}"
EndProject
Project("{FAE04EC0-301F-11D3-BF4B-00C04F79EFBC}") = "GettingStartedOneWayServer", "GettingStartedOneWayServer\GettingStartedOneWayServer.csproj", "{1DA97609-0098-4911-B59F-23C2D4D40410}"
EndProject
Project("{FAE04EC0-301F-11D3-BF4B-00C04F79EFBC}") = "GettingStartedOneWayClient", "GettingStartedOneWayClient\GettingStartedOneWayClient.csproj", "{2A02A684-A1A9-4A5D-836E-1A6022E2B236}"
EndProject
Project("{FAE04EC0-301F-11D3-BF4B-00C04F79EFBC}") = "GettingStartedUDPLib", "GettingStartedUDPLib\GettingStartedUDPLib.csproj", "{33FF9020-3550-44A8-8854-C61132F89EB7}"
EndProject
Project("{FAE04EC0-301F-11D3-BF4B-00C04F79EFBC}") = "GettingStartedTwoWayServer", "GettingStartedTwoWayServer\GettingStartedTwoWayServer.csproj", "{5E9F75F1-40EC-4CF1-925E-E2D485BD9505}"
EndProject
Project("{FAE04EC0-301F-11D3-BF4B-00C04F79EFBC}") = "GettingStartedTwoWayInterface", "GettingStartedTwoWayInterface\GettingStartedTwoWayInterface.csproj", "{49C5101B-6E4E-4762-BD1C-BE4C4C9422CB}"
EndProject
Project("{FAE04EC0-301F-11D3-BF4B-00C04F79EFBC}") = "GettingStartedTwoWayConsumer", "GettingStartedTwoWayConsumer\GettingStartedTwoWayConsumer.csproj", "{F25E6271-B9FA-4928-AA40-980D2AB33897}"
EndProject
Project("{FAE04EC0-301F-11D3-BF4B-00C04F79EFBC}") = "GettingStartedUDPService", "GettingStartedUDPService\GettingStartedUDPService.csproj", "{4FD11C80-6A5B-49B3-8BD0-F20264925AD4}"
EndProject
Project("{FAE04EC0-301F-11D3-BF4B-00C04F79EFBC}") = "GettingStartedUDPConsumer", "GettingStartedUDPConsumer\GettingStartedUDPConsumer.csproj", "{A0873FAB-909C-40FD-A33C-065BD28305A6}"
EndProject
Project("{FAE04EC0-301F-11D3-BF4B-00C04F79EFBC}") = "GettingStartedHostDiscoveryClientApp", "GettingStartedHostDiscoveryClientApp\GettingStartedHostDiscoveryClientApp.csproj", "{FB352B1C-73D5-43A8-845F-AC311F8202CB}"
EndProject
Project("{FAE04EC0-301F-11D3-BF4B-00C04F79EFBC}") = "GettingStartedDiscoveryProxy", "GettingStartedDiscoveryProxy\GettingStartedDiscoveryProxy.csproj", "{FC993630-3C1D-4C6D-AEEE-0DE73479F771}"
EndProject
Project("{FAE04EC0-301F-11D3-BF4B-00C04F79EFBC}") = "GettingStartedDiscoveryProxyService", "GettingStartedDiscoveryProxyService\GettingStartedDiscoveryProxyService.csproj", "{FC61C769-1E12-4BF6-A52E-9651FA15679E}"
EndProject
Project("{FAE04EC0-301F-11D3-BF4B-00C04F79EFBC}") = "GettingStartedDiscoveryProxyClient", "GettingStartedDiscoveryProxyClient\GettingStartedDiscoveryProxyClient.csproj", "{3BB9CBEA-0466-4B90-AF5B-0AB90036F227}"
EndProject
Project("{FAE04EC0-301F-11D3-BF4B-00C04F79EFBC}") = "GettingStartedDiscoveryProxyLib", "GettingStartedDiscoveryProxyLib\GettingStartedDiscoveryProxyLib.csproj", "{692CDE4F-C6B6-453C-B68B-1B491A830F28}"
EndProject
Project("{FAE04EC0-301F-11D3-BF4B-00C04F79EFBC}") = "GettingStartedThrottlingService", "GettingStartedThrottlingService\GettingStartedThrottlingService.csproj", "{A0DFB96E-49DF-4CF7-A4D3-7C8E8BAD8420}"
EndProject
Project("{FAE04EC0-301F-11D3-BF4B-00C04F79EFBC}") = "GettingStartedThrottlingClient", "GettingStartedThrottlingClient\GettingStartedThrottlingClient.csproj", "{CDEDE4E3-A40E-4904-AEC5-63A0CEB8DB15}"
EndProject
Project("{FAE04EC0-301F-11D3-BF4B-00C04F79EFBC}") = "MvcWcfDataService", "MvcWcfDataService\MvcWcfDataService.csproj", "{B12200F6-5ADF-427C-A96D-2FF60CBE2030}"
EndProject
Project("{FAE04EC0-301F-11D3-BF4B-00C04F79EFBC}") = "AuthenticateUserNamePassword", "AuthenticateUserNamePassword\AuthenticateUserNamePassword.csproj", "{0716E3C6-4231-42B3-88FE-44D29E1D5B9F}"
EndProject
Project("{FAE04EC0-301F-11D3-BF4B-00C04F79EFBC}") = "AuthenticateUserNamePasswordServiceLib", "AuthenticateUserNamePasswordServiceLib\AuthenticateUserNamePasswordServiceLib.csproj", "{E274A485-1548-46BC-B43A-A1B189D44A4B}"
EndProject
Project("{FAE04EC0-301F-11D3-BF4B-00C04F79EFBC}") = "AuthenticateUserNamePasswordServiceHost", "AuthenticateUserNamePasswordServiceHost\AuthenticateUserNamePasswordServiceHost.csproj", "{096FE203-3124-466D-9167-2D98CE3AE2A9}"
EndProject
Project("{FAE04EC0-301F-11D3-BF4B-00C04F79EFBC}") = "WcfHostedInIISWithAsyncMethod", "WcfHostedInIISWithAsyncMethod\WcfHostedInIISWithAsyncMethod.csproj", "{2323F7E4-18DB-4C69-9953-27973B1146ED}"
EndProject
Project("{FAE04EC0-301F-11D3-BF4B-00C04F79EFBC}") = "WcfCallWithAsyncMethod", "WcfSelfHostWithAsyncMethod\WcfCallWithAsyncMethod.csproj", "{D655424B-F48E-4ADD-9DFA-A2D54754A9EA}"
	ProjectSection(ProjectDependencies) = postProject
		{2323F7E4-18DB-4C69-9953-27973B1146ED} = {2323F7E4-18DB-4C69-9953-27973B1146ED}
	EndProjectSection
EndProject
Project("{2150E333-8FDC-42A3-9474-1A3956D46DE8}") = "UWP", "UWP", "{04CA4797-CFCA-46EB-B63F-78696F8C97EA}"
EndProject
Project("{D954291E-2A0B-460D-934E-DC6B0785DB48}") = "UWP.Shared", "UWP\UWP.Shared\UWP.Shared.shproj", "{890DC9B1-C82F-41D6-83FE-BB6BD2F818EB}"
EndProject
Project("{FAE04EC0-301F-11D3-BF4B-00C04F79EFBC}") = "UWP.Windows", "UWP\UWP.Windows\UWP.Windows.csproj", "{43ACA108-8C51-4467-920A-07C4141DEA80}"
EndProject
Project("{FAE04EC0-301F-11D3-BF4B-00C04F79EFBC}") = "UWP.WindowsPhone", "UWP\UWP.WindowsPhone\UWP.WindowsPhone.csproj", "{46C3EE19-CB9F-435A-9AEB-9A20A8FF2FB2}"
EndProject
Project("{FAE04EC0-301F-11D3-BF4B-00C04F79EFBC}") = "AsynchronousService", "AsynchronousService\AsynchronousService.csproj", "{C31F745E-AFE0-4ECC-8166-63E2C3E1195F}"
EndProject
Project("{FAE04EC0-301F-11D3-BF4B-00C04F79EFBC}") = "AsynchronousServiceHost", "AsynchronousServiceHost\AsynchronousServiceHost.csproj", "{124901E2-35FC-4F20-A6C0-C5BD1386B66E}"
EndProject
Project("{FAE04EC0-301F-11D3-BF4B-00C04F79EFBC}") = "AsynchronousServiceConsumer", "AsynchronousServiceConsumer\AsynchronousServiceConsumer.csproj", "{CF7C44C1-F0E2-4662-8959-11382BC17DE1}"
EndProject
Project("{FAE04EC0-301F-11D3-BF4B-00C04F79EFBC}") = "DiscoveryProxyAdHoc", "DiscoveryProxyAd-Hoc\DiscoveryProxyAdHoc.csproj", "{BB9C3AD0-06BB-43EE-8060-5AACDC370DFC}"
EndProject
Project("{FAE04EC0-301F-11D3-BF4B-00C04F79EFBC}") = "DiscoveryProxyClient", "DiscoveryProxyClient\DiscoveryProxyClient.csproj", "{F7EA587A-6EDD-4C68-B741-E194D61486FA}"
	ProjectSection(ProjectDependencies) = postProject
		{BB9C3AD0-06BB-43EE-8060-5AACDC370DFC} = {BB9C3AD0-06BB-43EE-8060-5AACDC370DFC}
	EndProjectSection
EndProject
Project("{FAE04EC0-301F-11D3-BF4B-00C04F79EFBC}") = "DiscoveryProxyService", "DiscoveryProxyService\DiscoveryProxyService.csproj", "{FD5E7479-890E-4C24-A98E-7A87455F331E}"
EndProject
Project("{FAE04EC0-301F-11D3-BF4B-00C04F79EFBC}") = "WCFWebHTTPService", "WCFWebHTTPService\WCFWebHTTPService.csproj", "{4F90F5B0-A99C-41EB-90F1-1DD5D985BB0D}"
EndProject
Project("{FAE04EC0-301F-11D3-BF4B-00C04F79EFBC}") = "WCFWebHTTPServiceConsumer", "WCFWebHTTPServiceConsumer\WCFWebHTTPServiceConsumer.csproj", "{1F17B68E-C6D0-45BC-94FA-06A65E3861EF}"
EndProject
Project("{FAE04EC0-301F-11D3-BF4B-00C04F79EFBC}") = "SOAPCallRestService", "SOAPCallRestService\SOAPCallRestService.csproj", "{CB2A4C11-4E2E-4E38-9C33-2995E880A5C6}"
EndProject
Project("{FAE04EC0-301F-11D3-BF4B-00C04F79EFBC}") = "DownloadMetadata", "DownloadMetadata\DownloadMetadata.csproj", "{0F670C6B-ED17-4ED5-BD43-CAB856CB7229}"
EndProject
Project("{FAE04EC0-301F-11D3-BF4B-00C04F79EFBC}") = "DownloadMetadataMetadataResolver", "DownloadMetadataMetadataResolver\DownloadMetadataMetadataResolver.csproj", "{55DD9559-5699-4CCE-B4DD-6AFC7570D3A9}"
	ProjectSection(ProjectDependencies) = postProject
		{0F670C6B-ED17-4ED5-BD43-CAB856CB7229} = {0F670C6B-ED17-4ED5-BD43-CAB856CB7229}
	EndProjectSection
EndProject
Project("{FAE04EC0-301F-11D3-BF4B-00C04F79EFBC}") = "DownloadMetadataMetadataExchangeClient", "DownloadMetadataMetadataExchangeClient\DownloadMetadataMetadataExchangeClient.csproj", "{C5302BB9-E296-444F-9C6F-293FDF096408}"
	ProjectSection(ProjectDependencies) = postProject
		{0F670C6B-ED17-4ED5-BD43-CAB856CB7229} = {0F670C6B-ED17-4ED5-BD43-CAB856CB7229}
	EndProjectSection
EndProject
Global
	GlobalSection(SharedMSBuildProjectFiles) = preSolution
		UWP\UWP.Shared\UWP.Shared.projitems*{43aca108-8c51-4467-920a-07c4141dea80}*SharedItemsImports = 4
		UWP\UWP.Shared\UWP.Shared.projitems*{890dc9b1-c82f-41d6-83fe-bb6bd2f818eb}*SharedItemsImports = 13
		UWP\UWP.Shared\UWP.Shared.projitems*{46c3ee19-cb9f-435a-9aeb-9a20a8ff2fb2}*SharedItemsImports = 4
	EndGlobalSection
	GlobalSection(SolutionConfigurationPlatforms) = preSolution
		Debug|Any CPU = Debug|Any CPU
		Debug|ARM = Debug|ARM
		Debug|x64 = Debug|x64
		Debug|x86 = Debug|x86
		Release|Any CPU = Release|Any CPU
		Release|ARM = Release|ARM
		Release|x64 = Release|x64
		Release|x86 = Release|x86
	EndGlobalSection
	GlobalSection(ProjectConfigurationPlatforms) = postSolution
		{A1EB4299-C924-4FF7-BEC0-FAEAE9ADFD1E}.Debug|Any CPU.ActiveCfg = Debug|Any CPU
		{A1EB4299-C924-4FF7-BEC0-FAEAE9ADFD1E}.Debug|Any CPU.Build.0 = Debug|Any CPU
		{A1EB4299-C924-4FF7-BEC0-FAEAE9ADFD1E}.Debug|ARM.ActiveCfg = Debug|Any CPU
		{A1EB4299-C924-4FF7-BEC0-FAEAE9ADFD1E}.Debug|x64.ActiveCfg = Debug|Any CPU
		{A1EB4299-C924-4FF7-BEC0-FAEAE9ADFD1E}.Debug|x86.ActiveCfg = Debug|Any CPU
		{A1EB4299-C924-4FF7-BEC0-FAEAE9ADFD1E}.Release|Any CPU.ActiveCfg = Release|Any CPU
		{A1EB4299-C924-4FF7-BEC0-FAEAE9ADFD1E}.Release|Any CPU.Build.0 = Release|Any CPU
		{A1EB4299-C924-4FF7-BEC0-FAEAE9ADFD1E}.Release|ARM.ActiveCfg = Release|Any CPU
		{A1EB4299-C924-4FF7-BEC0-FAEAE9ADFD1E}.Release|x64.ActiveCfg = Release|Any CPU
		{A1EB4299-C924-4FF7-BEC0-FAEAE9ADFD1E}.Release|x86.ActiveCfg = Release|Any CPU
		{D336C741-883F-4DDB-A0ED-794B1297574E}.Debug|Any CPU.ActiveCfg = Debug|Any CPU
		{D336C741-883F-4DDB-A0ED-794B1297574E}.Debug|Any CPU.Build.0 = Debug|Any CPU
		{D336C741-883F-4DDB-A0ED-794B1297574E}.Debug|ARM.ActiveCfg = Debug|Any CPU
		{D336C741-883F-4DDB-A0ED-794B1297574E}.Debug|x64.ActiveCfg = Debug|Any CPU
		{D336C741-883F-4DDB-A0ED-794B1297574E}.Debug|x86.ActiveCfg = Debug|Any CPU
		{D336C741-883F-4DDB-A0ED-794B1297574E}.Release|Any CPU.ActiveCfg = Release|Any CPU
		{D336C741-883F-4DDB-A0ED-794B1297574E}.Release|Any CPU.Build.0 = Release|Any CPU
		{D336C741-883F-4DDB-A0ED-794B1297574E}.Release|ARM.ActiveCfg = Release|Any CPU
		{D336C741-883F-4DDB-A0ED-794B1297574E}.Release|x64.ActiveCfg = Release|Any CPU
		{D336C741-883F-4DDB-A0ED-794B1297574E}.Release|x86.ActiveCfg = Release|Any CPU
		{F588B385-BEA4-4B78-814D-347AB40F8903}.Debug|Any CPU.ActiveCfg = Debug|Any CPU
		{F588B385-BEA4-4B78-814D-347AB40F8903}.Debug|Any CPU.Build.0 = Debug|Any CPU
		{F588B385-BEA4-4B78-814D-347AB40F8903}.Debug|ARM.ActiveCfg = Debug|Any CPU
		{F588B385-BEA4-4B78-814D-347AB40F8903}.Debug|x64.ActiveCfg = Debug|Any CPU
		{F588B385-BEA4-4B78-814D-347AB40F8903}.Debug|x86.ActiveCfg = Debug|Any CPU
		{F588B385-BEA4-4B78-814D-347AB40F8903}.Release|Any CPU.ActiveCfg = Release|Any CPU
		{F588B385-BEA4-4B78-814D-347AB40F8903}.Release|Any CPU.Build.0 = Release|Any CPU
		{F588B385-BEA4-4B78-814D-347AB40F8903}.Release|ARM.ActiveCfg = Release|Any CPU
		{F588B385-BEA4-4B78-814D-347AB40F8903}.Release|x64.ActiveCfg = Release|Any CPU
		{F588B385-BEA4-4B78-814D-347AB40F8903}.Release|x86.ActiveCfg = Release|Any CPU
		{A382C15E-0634-4279-B8DB-F5418B306E95}.Debug|Any CPU.ActiveCfg = Debug|Any CPU
		{A382C15E-0634-4279-B8DB-F5418B306E95}.Debug|Any CPU.Build.0 = Debug|Any CPU
		{A382C15E-0634-4279-B8DB-F5418B306E95}.Debug|ARM.ActiveCfg = Debug|Any CPU
		{A382C15E-0634-4279-B8DB-F5418B306E95}.Debug|x64.ActiveCfg = Debug|Any CPU
		{A382C15E-0634-4279-B8DB-F5418B306E95}.Debug|x86.ActiveCfg = Debug|Any CPU
		{A382C15E-0634-4279-B8DB-F5418B306E95}.Release|Any CPU.ActiveCfg = Release|Any CPU
		{A382C15E-0634-4279-B8DB-F5418B306E95}.Release|Any CPU.Build.0 = Release|Any CPU
		{A382C15E-0634-4279-B8DB-F5418B306E95}.Release|ARM.ActiveCfg = Release|Any CPU
		{A382C15E-0634-4279-B8DB-F5418B306E95}.Release|x64.ActiveCfg = Release|Any CPU
		{A382C15E-0634-4279-B8DB-F5418B306E95}.Release|x86.ActiveCfg = Release|Any CPU
		{A389E457-473D-41F5-B1CE-066B477C24B5}.Debug|Any CPU.ActiveCfg = Debug|Any CPU
		{A389E457-473D-41F5-B1CE-066B477C24B5}.Debug|Any CPU.Build.0 = Debug|Any CPU
		{A389E457-473D-41F5-B1CE-066B477C24B5}.Debug|ARM.ActiveCfg = Debug|Any CPU
		{A389E457-473D-41F5-B1CE-066B477C24B5}.Debug|x64.ActiveCfg = Debug|Any CPU
		{A389E457-473D-41F5-B1CE-066B477C24B5}.Debug|x86.ActiveCfg = Debug|Any CPU
		{A389E457-473D-41F5-B1CE-066B477C24B5}.Release|Any CPU.ActiveCfg = Release|Any CPU
		{A389E457-473D-41F5-B1CE-066B477C24B5}.Release|Any CPU.Build.0 = Release|Any CPU
		{A389E457-473D-41F5-B1CE-066B477C24B5}.Release|ARM.ActiveCfg = Release|Any CPU
		{A389E457-473D-41F5-B1CE-066B477C24B5}.Release|x64.ActiveCfg = Release|Any CPU
		{A389E457-473D-41F5-B1CE-066B477C24B5}.Release|x86.ActiveCfg = Release|Any CPU
		{43F15AE7-D604-4190-A6D5-7C02C921397E}.Debug|Any CPU.ActiveCfg = Debug|Any CPU
		{43F15AE7-D604-4190-A6D5-7C02C921397E}.Debug|Any CPU.Build.0 = Debug|Any CPU
		{43F15AE7-D604-4190-A6D5-7C02C921397E}.Debug|ARM.ActiveCfg = Debug|Any CPU
		{43F15AE7-D604-4190-A6D5-7C02C921397E}.Debug|x64.ActiveCfg = Debug|Any CPU
		{43F15AE7-D604-4190-A6D5-7C02C921397E}.Debug|x86.ActiveCfg = Debug|Any CPU
		{43F15AE7-D604-4190-A6D5-7C02C921397E}.Release|Any CPU.ActiveCfg = Release|Any CPU
		{43F15AE7-D604-4190-A6D5-7C02C921397E}.Release|Any CPU.Build.0 = Release|Any CPU
		{43F15AE7-D604-4190-A6D5-7C02C921397E}.Release|ARM.ActiveCfg = Release|Any CPU
		{43F15AE7-D604-4190-A6D5-7C02C921397E}.Release|x64.ActiveCfg = Release|Any CPU
		{43F15AE7-D604-4190-A6D5-7C02C921397E}.Release|x86.ActiveCfg = Release|Any CPU
		{E4810DC5-6D6E-4D41-8171-CCF1699E0DED}.Debug|Any CPU.ActiveCfg = Debug|Any CPU
		{E4810DC5-6D6E-4D41-8171-CCF1699E0DED}.Debug|Any CPU.Build.0 = Debug|Any CPU
		{E4810DC5-6D6E-4D41-8171-CCF1699E0DED}.Debug|ARM.ActiveCfg = Debug|Any CPU
		{E4810DC5-6D6E-4D41-8171-CCF1699E0DED}.Debug|x64.ActiveCfg = Debug|Any CPU
		{E4810DC5-6D6E-4D41-8171-CCF1699E0DED}.Debug|x86.ActiveCfg = Debug|Any CPU
		{E4810DC5-6D6E-4D41-8171-CCF1699E0DED}.Release|Any CPU.ActiveCfg = Release|Any CPU
		{E4810DC5-6D6E-4D41-8171-CCF1699E0DED}.Release|Any CPU.Build.0 = Release|Any CPU
		{E4810DC5-6D6E-4D41-8171-CCF1699E0DED}.Release|ARM.ActiveCfg = Release|Any CPU
		{E4810DC5-6D6E-4D41-8171-CCF1699E0DED}.Release|x64.ActiveCfg = Release|Any CPU
		{E4810DC5-6D6E-4D41-8171-CCF1699E0DED}.Release|x86.ActiveCfg = Release|Any CPU
		{18771E05-7B47-4B19-8F93-9ECBF998A95C}.Debug|Any CPU.ActiveCfg = Debug|Any CPU
		{18771E05-7B47-4B19-8F93-9ECBF998A95C}.Debug|Any CPU.Build.0 = Debug|Any CPU
		{18771E05-7B47-4B19-8F93-9ECBF998A95C}.Debug|ARM.ActiveCfg = Debug|Any CPU
		{18771E05-7B47-4B19-8F93-9ECBF998A95C}.Debug|x64.ActiveCfg = Debug|Any CPU
		{18771E05-7B47-4B19-8F93-9ECBF998A95C}.Debug|x86.ActiveCfg = Debug|Any CPU
		{18771E05-7B47-4B19-8F93-9ECBF998A95C}.Release|Any CPU.ActiveCfg = Release|Any CPU
		{18771E05-7B47-4B19-8F93-9ECBF998A95C}.Release|Any CPU.Build.0 = Release|Any CPU
		{18771E05-7B47-4B19-8F93-9ECBF998A95C}.Release|ARM.ActiveCfg = Release|Any CPU
		{18771E05-7B47-4B19-8F93-9ECBF998A95C}.Release|x64.ActiveCfg = Release|Any CPU
		{18771E05-7B47-4B19-8F93-9ECBF998A95C}.Release|x86.ActiveCfg = Release|Any CPU
		{3E59BE95-DE6F-470A-8EC0-4D82AE438377}.Debug|Any CPU.ActiveCfg = Debug|Any CPU
		{3E59BE95-DE6F-470A-8EC0-4D82AE438377}.Debug|Any CPU.Build.0 = Debug|Any CPU
		{3E59BE95-DE6F-470A-8EC0-4D82AE438377}.Debug|ARM.ActiveCfg = Debug|Any CPU
		{3E59BE95-DE6F-470A-8EC0-4D82AE438377}.Debug|x64.ActiveCfg = Debug|Any CPU
		{3E59BE95-DE6F-470A-8EC0-4D82AE438377}.Debug|x86.ActiveCfg = Debug|Any CPU
		{3E59BE95-DE6F-470A-8EC0-4D82AE438377}.Release|Any CPU.ActiveCfg = Release|Any CPU
		{3E59BE95-DE6F-470A-8EC0-4D82AE438377}.Release|Any CPU.Build.0 = Release|Any CPU
		{3E59BE95-DE6F-470A-8EC0-4D82AE438377}.Release|ARM.ActiveCfg = Release|Any CPU
		{3E59BE95-DE6F-470A-8EC0-4D82AE438377}.Release|x64.ActiveCfg = Release|Any CPU
		{3E59BE95-DE6F-470A-8EC0-4D82AE438377}.Release|x86.ActiveCfg = Release|Any CPU
		{433B2DE8-19EF-4B51-84DA-3E57BA93DA4B}.Debug|Any CPU.ActiveCfg = Debug|Any CPU
		{433B2DE8-19EF-4B51-84DA-3E57BA93DA4B}.Debug|Any CPU.Build.0 = Debug|Any CPU
		{433B2DE8-19EF-4B51-84DA-3E57BA93DA4B}.Debug|ARM.ActiveCfg = Debug|Any CPU
		{433B2DE8-19EF-4B51-84DA-3E57BA93DA4B}.Debug|x64.ActiveCfg = Debug|Any CPU
		{433B2DE8-19EF-4B51-84DA-3E57BA93DA4B}.Debug|x86.ActiveCfg = Debug|Any CPU
		{433B2DE8-19EF-4B51-84DA-3E57BA93DA4B}.Release|Any CPU.ActiveCfg = Release|Any CPU
		{433B2DE8-19EF-4B51-84DA-3E57BA93DA4B}.Release|Any CPU.Build.0 = Release|Any CPU
		{433B2DE8-19EF-4B51-84DA-3E57BA93DA4B}.Release|ARM.ActiveCfg = Release|Any CPU
		{433B2DE8-19EF-4B51-84DA-3E57BA93DA4B}.Release|x64.ActiveCfg = Release|Any CPU
		{433B2DE8-19EF-4B51-84DA-3E57BA93DA4B}.Release|x86.ActiveCfg = Release|Any CPU
		{1DA97609-0098-4911-B59F-23C2D4D40410}.Debug|Any CPU.ActiveCfg = Debug|Any CPU
		{1DA97609-0098-4911-B59F-23C2D4D40410}.Debug|Any CPU.Build.0 = Debug|Any CPU
		{1DA97609-0098-4911-B59F-23C2D4D40410}.Debug|ARM.ActiveCfg = Debug|Any CPU
		{1DA97609-0098-4911-B59F-23C2D4D40410}.Debug|x64.ActiveCfg = Debug|Any CPU
		{1DA97609-0098-4911-B59F-23C2D4D40410}.Debug|x86.ActiveCfg = Debug|Any CPU
		{1DA97609-0098-4911-B59F-23C2D4D40410}.Release|Any CPU.ActiveCfg = Release|Any CPU
		{1DA97609-0098-4911-B59F-23C2D4D40410}.Release|Any CPU.Build.0 = Release|Any CPU
		{1DA97609-0098-4911-B59F-23C2D4D40410}.Release|ARM.ActiveCfg = Release|Any CPU
		{1DA97609-0098-4911-B59F-23C2D4D40410}.Release|x64.ActiveCfg = Release|Any CPU
		{1DA97609-0098-4911-B59F-23C2D4D40410}.Release|x86.ActiveCfg = Release|Any CPU
		{2A02A684-A1A9-4A5D-836E-1A6022E2B236}.Debug|Any CPU.ActiveCfg = Debug|Any CPU
		{2A02A684-A1A9-4A5D-836E-1A6022E2B236}.Debug|Any CPU.Build.0 = Debug|Any CPU
		{2A02A684-A1A9-4A5D-836E-1A6022E2B236}.Debug|ARM.ActiveCfg = Debug|Any CPU
		{2A02A684-A1A9-4A5D-836E-1A6022E2B236}.Debug|x64.ActiveCfg = Debug|Any CPU
		{2A02A684-A1A9-4A5D-836E-1A6022E2B236}.Debug|x86.ActiveCfg = Debug|Any CPU
		{2A02A684-A1A9-4A5D-836E-1A6022E2B236}.Release|Any CPU.ActiveCfg = Release|Any CPU
		{2A02A684-A1A9-4A5D-836E-1A6022E2B236}.Release|Any CPU.Build.0 = Release|Any CPU
		{2A02A684-A1A9-4A5D-836E-1A6022E2B236}.Release|ARM.ActiveCfg = Release|Any CPU
		{2A02A684-A1A9-4A5D-836E-1A6022E2B236}.Release|x64.ActiveCfg = Release|Any CPU
		{2A02A684-A1A9-4A5D-836E-1A6022E2B236}.Release|x86.ActiveCfg = Release|Any CPU
		{33FF9020-3550-44A8-8854-C61132F89EB7}.Debug|Any CPU.ActiveCfg = Debug|Any CPU
		{33FF9020-3550-44A8-8854-C61132F89EB7}.Debug|Any CPU.Build.0 = Debug|Any CPU
		{33FF9020-3550-44A8-8854-C61132F89EB7}.Debug|ARM.ActiveCfg = Debug|Any CPU
		{33FF9020-3550-44A8-8854-C61132F89EB7}.Debug|x64.ActiveCfg = Debug|Any CPU
		{33FF9020-3550-44A8-8854-C61132F89EB7}.Debug|x86.ActiveCfg = Debug|Any CPU
		{33FF9020-3550-44A8-8854-C61132F89EB7}.Release|Any CPU.ActiveCfg = Release|Any CPU
		{33FF9020-3550-44A8-8854-C61132F89EB7}.Release|Any CPU.Build.0 = Release|Any CPU
		{33FF9020-3550-44A8-8854-C61132F89EB7}.Release|ARM.ActiveCfg = Release|Any CPU
		{33FF9020-3550-44A8-8854-C61132F89EB7}.Release|x64.ActiveCfg = Release|Any CPU
		{33FF9020-3550-44A8-8854-C61132F89EB7}.Release|x86.ActiveCfg = Release|Any CPU
		{5E9F75F1-40EC-4CF1-925E-E2D485BD9505}.Debug|Any CPU.ActiveCfg = Debug|Any CPU
		{5E9F75F1-40EC-4CF1-925E-E2D485BD9505}.Debug|Any CPU.Build.0 = Debug|Any CPU
		{5E9F75F1-40EC-4CF1-925E-E2D485BD9505}.Debug|ARM.ActiveCfg = Debug|Any CPU
		{5E9F75F1-40EC-4CF1-925E-E2D485BD9505}.Debug|x64.ActiveCfg = Debug|Any CPU
		{5E9F75F1-40EC-4CF1-925E-E2D485BD9505}.Debug|x86.ActiveCfg = Debug|Any CPU
		{5E9F75F1-40EC-4CF1-925E-E2D485BD9505}.Release|Any CPU.ActiveCfg = Release|Any CPU
		{5E9F75F1-40EC-4CF1-925E-E2D485BD9505}.Release|Any CPU.Build.0 = Release|Any CPU
		{5E9F75F1-40EC-4CF1-925E-E2D485BD9505}.Release|ARM.ActiveCfg = Release|Any CPU
		{5E9F75F1-40EC-4CF1-925E-E2D485BD9505}.Release|x64.ActiveCfg = Release|Any CPU
		{5E9F75F1-40EC-4CF1-925E-E2D485BD9505}.Release|x86.ActiveCfg = Release|Any CPU
		{49C5101B-6E4E-4762-BD1C-BE4C4C9422CB}.Debug|Any CPU.ActiveCfg = Debug|Any CPU
		{49C5101B-6E4E-4762-BD1C-BE4C4C9422CB}.Debug|Any CPU.Build.0 = Debug|Any CPU
		{49C5101B-6E4E-4762-BD1C-BE4C4C9422CB}.Debug|ARM.ActiveCfg = Debug|Any CPU
		{49C5101B-6E4E-4762-BD1C-BE4C4C9422CB}.Debug|x64.ActiveCfg = Debug|Any CPU
		{49C5101B-6E4E-4762-BD1C-BE4C4C9422CB}.Debug|x86.ActiveCfg = Debug|Any CPU
		{49C5101B-6E4E-4762-BD1C-BE4C4C9422CB}.Release|Any CPU.ActiveCfg = Release|Any CPU
		{49C5101B-6E4E-4762-BD1C-BE4C4C9422CB}.Release|Any CPU.Build.0 = Release|Any CPU
		{49C5101B-6E4E-4762-BD1C-BE4C4C9422CB}.Release|ARM.ActiveCfg = Release|Any CPU
		{49C5101B-6E4E-4762-BD1C-BE4C4C9422CB}.Release|x64.ActiveCfg = Release|Any CPU
		{49C5101B-6E4E-4762-BD1C-BE4C4C9422CB}.Release|x86.ActiveCfg = Release|Any CPU
		{F25E6271-B9FA-4928-AA40-980D2AB33897}.Debug|Any CPU.ActiveCfg = Debug|Any CPU
		{F25E6271-B9FA-4928-AA40-980D2AB33897}.Debug|Any CPU.Build.0 = Debug|Any CPU
		{F25E6271-B9FA-4928-AA40-980D2AB33897}.Debug|ARM.ActiveCfg = Debug|Any CPU
		{F25E6271-B9FA-4928-AA40-980D2AB33897}.Debug|x64.ActiveCfg = Debug|Any CPU
		{F25E6271-B9FA-4928-AA40-980D2AB33897}.Debug|x86.ActiveCfg = Debug|Any CPU
		{F25E6271-B9FA-4928-AA40-980D2AB33897}.Release|Any CPU.ActiveCfg = Release|Any CPU
		{F25E6271-B9FA-4928-AA40-980D2AB33897}.Release|Any CPU.Build.0 = Release|Any CPU
		{F25E6271-B9FA-4928-AA40-980D2AB33897}.Release|ARM.ActiveCfg = Release|Any CPU
		{F25E6271-B9FA-4928-AA40-980D2AB33897}.Release|x64.ActiveCfg = Release|Any CPU
		{F25E6271-B9FA-4928-AA40-980D2AB33897}.Release|x86.ActiveCfg = Release|Any CPU
		{4FD11C80-6A5B-49B3-8BD0-F20264925AD4}.Debug|Any CPU.ActiveCfg = Debug|Any CPU
		{4FD11C80-6A5B-49B3-8BD0-F20264925AD4}.Debug|Any CPU.Build.0 = Debug|Any CPU
		{4FD11C80-6A5B-49B3-8BD0-F20264925AD4}.Debug|ARM.ActiveCfg = Debug|Any CPU
		{4FD11C80-6A5B-49B3-8BD0-F20264925AD4}.Debug|x64.ActiveCfg = Debug|Any CPU
		{4FD11C80-6A5B-49B3-8BD0-F20264925AD4}.Debug|x86.ActiveCfg = Debug|Any CPU
		{4FD11C80-6A5B-49B3-8BD0-F20264925AD4}.Release|Any CPU.ActiveCfg = Release|Any CPU
		{4FD11C80-6A5B-49B3-8BD0-F20264925AD4}.Release|Any CPU.Build.0 = Release|Any CPU
		{4FD11C80-6A5B-49B3-8BD0-F20264925AD4}.Release|ARM.ActiveCfg = Release|Any CPU
		{4FD11C80-6A5B-49B3-8BD0-F20264925AD4}.Release|x64.ActiveCfg = Release|Any CPU
		{4FD11C80-6A5B-49B3-8BD0-F20264925AD4}.Release|x86.ActiveCfg = Release|Any CPU
		{A0873FAB-909C-40FD-A33C-065BD28305A6}.Debug|Any CPU.ActiveCfg = Debug|Any CPU
		{A0873FAB-909C-40FD-A33C-065BD28305A6}.Debug|Any CPU.Build.0 = Debug|Any CPU
		{A0873FAB-909C-40FD-A33C-065BD28305A6}.Debug|ARM.ActiveCfg = Debug|Any CPU
		{A0873FAB-909C-40FD-A33C-065BD28305A6}.Debug|x64.ActiveCfg = Debug|Any CPU
		{A0873FAB-909C-40FD-A33C-065BD28305A6}.Debug|x86.ActiveCfg = Debug|Any CPU
		{A0873FAB-909C-40FD-A33C-065BD28305A6}.Release|Any CPU.ActiveCfg = Release|Any CPU
		{A0873FAB-909C-40FD-A33C-065BD28305A6}.Release|Any CPU.Build.0 = Release|Any CPU
		{A0873FAB-909C-40FD-A33C-065BD28305A6}.Release|ARM.ActiveCfg = Release|Any CPU
		{A0873FAB-909C-40FD-A33C-065BD28305A6}.Release|x64.ActiveCfg = Release|Any CPU
		{A0873FAB-909C-40FD-A33C-065BD28305A6}.Release|x86.ActiveCfg = Release|Any CPU
		{FB352B1C-73D5-43A8-845F-AC311F8202CB}.Debug|Any CPU.ActiveCfg = Debug|Any CPU
		{FB352B1C-73D5-43A8-845F-AC311F8202CB}.Debug|Any CPU.Build.0 = Debug|Any CPU
		{FB352B1C-73D5-43A8-845F-AC311F8202CB}.Debug|ARM.ActiveCfg = Debug|Any CPU
		{FB352B1C-73D5-43A8-845F-AC311F8202CB}.Debug|x64.ActiveCfg = Debug|Any CPU
		{FB352B1C-73D5-43A8-845F-AC311F8202CB}.Debug|x86.ActiveCfg = Debug|Any CPU
		{FB352B1C-73D5-43A8-845F-AC311F8202CB}.Release|Any CPU.ActiveCfg = Release|Any CPU
		{FB352B1C-73D5-43A8-845F-AC311F8202CB}.Release|Any CPU.Build.0 = Release|Any CPU
		{FB352B1C-73D5-43A8-845F-AC311F8202CB}.Release|ARM.ActiveCfg = Release|Any CPU
		{FB352B1C-73D5-43A8-845F-AC311F8202CB}.Release|x64.ActiveCfg = Release|Any CPU
		{FB352B1C-73D5-43A8-845F-AC311F8202CB}.Release|x86.ActiveCfg = Release|Any CPU
		{FC993630-3C1D-4C6D-AEEE-0DE73479F771}.Debug|Any CPU.ActiveCfg = Debug|Any CPU
		{FC993630-3C1D-4C6D-AEEE-0DE73479F771}.Debug|Any CPU.Build.0 = Debug|Any CPU
		{FC993630-3C1D-4C6D-AEEE-0DE73479F771}.Debug|ARM.ActiveCfg = Debug|Any CPU
		{FC993630-3C1D-4C6D-AEEE-0DE73479F771}.Debug|x64.ActiveCfg = Debug|Any CPU
		{FC993630-3C1D-4C6D-AEEE-0DE73479F771}.Debug|x86.ActiveCfg = Debug|Any CPU
		{FC993630-3C1D-4C6D-AEEE-0DE73479F771}.Release|Any CPU.ActiveCfg = Release|Any CPU
		{FC993630-3C1D-4C6D-AEEE-0DE73479F771}.Release|Any CPU.Build.0 = Release|Any CPU
		{FC993630-3C1D-4C6D-AEEE-0DE73479F771}.Release|ARM.ActiveCfg = Release|Any CPU
		{FC993630-3C1D-4C6D-AEEE-0DE73479F771}.Release|x64.ActiveCfg = Release|Any CPU
		{FC993630-3C1D-4C6D-AEEE-0DE73479F771}.Release|x86.ActiveCfg = Release|Any CPU
		{FC61C769-1E12-4BF6-A52E-9651FA15679E}.Debug|Any CPU.ActiveCfg = Debug|Any CPU
		{FC61C769-1E12-4BF6-A52E-9651FA15679E}.Debug|Any CPU.Build.0 = Debug|Any CPU
		{FC61C769-1E12-4BF6-A52E-9651FA15679E}.Debug|ARM.ActiveCfg = Debug|Any CPU
		{FC61C769-1E12-4BF6-A52E-9651FA15679E}.Debug|x64.ActiveCfg = Debug|Any CPU
		{FC61C769-1E12-4BF6-A52E-9651FA15679E}.Debug|x86.ActiveCfg = Debug|Any CPU
		{FC61C769-1E12-4BF6-A52E-9651FA15679E}.Release|Any CPU.ActiveCfg = Release|Any CPU
		{FC61C769-1E12-4BF6-A52E-9651FA15679E}.Release|Any CPU.Build.0 = Release|Any CPU
		{FC61C769-1E12-4BF6-A52E-9651FA15679E}.Release|ARM.ActiveCfg = Release|Any CPU
		{FC61C769-1E12-4BF6-A52E-9651FA15679E}.Release|x64.ActiveCfg = Release|Any CPU
		{FC61C769-1E12-4BF6-A52E-9651FA15679E}.Release|x86.ActiveCfg = Release|Any CPU
		{3BB9CBEA-0466-4B90-AF5B-0AB90036F227}.Debug|Any CPU.ActiveCfg = Debug|Any CPU
		{3BB9CBEA-0466-4B90-AF5B-0AB90036F227}.Debug|Any CPU.Build.0 = Debug|Any CPU
		{3BB9CBEA-0466-4B90-AF5B-0AB90036F227}.Debug|ARM.ActiveCfg = Debug|Any CPU
		{3BB9CBEA-0466-4B90-AF5B-0AB90036F227}.Debug|x64.ActiveCfg = Debug|Any CPU
		{3BB9CBEA-0466-4B90-AF5B-0AB90036F227}.Debug|x86.ActiveCfg = Debug|Any CPU
		{3BB9CBEA-0466-4B90-AF5B-0AB90036F227}.Release|Any CPU.ActiveCfg = Release|Any CPU
		{3BB9CBEA-0466-4B90-AF5B-0AB90036F227}.Release|Any CPU.Build.0 = Release|Any CPU
		{3BB9CBEA-0466-4B90-AF5B-0AB90036F227}.Release|ARM.ActiveCfg = Release|Any CPU
		{3BB9CBEA-0466-4B90-AF5B-0AB90036F227}.Release|x64.ActiveCfg = Release|Any CPU
		{3BB9CBEA-0466-4B90-AF5B-0AB90036F227}.Release|x86.ActiveCfg = Release|Any CPU
		{692CDE4F-C6B6-453C-B68B-1B491A830F28}.Debug|Any CPU.ActiveCfg = Debug|Any CPU
		{692CDE4F-C6B6-453C-B68B-1B491A830F28}.Debug|Any CPU.Build.0 = Debug|Any CPU
		{692CDE4F-C6B6-453C-B68B-1B491A830F28}.Debug|ARM.ActiveCfg = Debug|Any CPU
		{692CDE4F-C6B6-453C-B68B-1B491A830F28}.Debug|x64.ActiveCfg = Debug|Any CPU
		{692CDE4F-C6B6-453C-B68B-1B491A830F28}.Debug|x86.ActiveCfg = Debug|Any CPU
		{692CDE4F-C6B6-453C-B68B-1B491A830F28}.Release|Any CPU.ActiveCfg = Release|Any CPU
		{692CDE4F-C6B6-453C-B68B-1B491A830F28}.Release|Any CPU.Build.0 = Release|Any CPU
		{692CDE4F-C6B6-453C-B68B-1B491A830F28}.Release|ARM.ActiveCfg = Release|Any CPU
		{692CDE4F-C6B6-453C-B68B-1B491A830F28}.Release|x64.ActiveCfg = Release|Any CPU
		{692CDE4F-C6B6-453C-B68B-1B491A830F28}.Release|x86.ActiveCfg = Release|Any CPU
		{A0DFB96E-49DF-4CF7-A4D3-7C8E8BAD8420}.Debug|Any CPU.ActiveCfg = Debug|Any CPU
		{A0DFB96E-49DF-4CF7-A4D3-7C8E8BAD8420}.Debug|Any CPU.Build.0 = Debug|Any CPU
		{A0DFB96E-49DF-4CF7-A4D3-7C8E8BAD8420}.Debug|ARM.ActiveCfg = Debug|Any CPU
		{A0DFB96E-49DF-4CF7-A4D3-7C8E8BAD8420}.Debug|x64.ActiveCfg = Debug|Any CPU
		{A0DFB96E-49DF-4CF7-A4D3-7C8E8BAD8420}.Debug|x86.ActiveCfg = Debug|Any CPU
		{A0DFB96E-49DF-4CF7-A4D3-7C8E8BAD8420}.Release|Any CPU.ActiveCfg = Release|Any CPU
		{A0DFB96E-49DF-4CF7-A4D3-7C8E8BAD8420}.Release|Any CPU.Build.0 = Release|Any CPU
		{A0DFB96E-49DF-4CF7-A4D3-7C8E8BAD8420}.Release|ARM.ActiveCfg = Release|Any CPU
		{A0DFB96E-49DF-4CF7-A4D3-7C8E8BAD8420}.Release|x64.ActiveCfg = Release|Any CPU
		{A0DFB96E-49DF-4CF7-A4D3-7C8E8BAD8420}.Release|x86.ActiveCfg = Release|Any CPU
		{CDEDE4E3-A40E-4904-AEC5-63A0CEB8DB15}.Debug|Any CPU.ActiveCfg = Debug|Any CPU
		{CDEDE4E3-A40E-4904-AEC5-63A0CEB8DB15}.Debug|Any CPU.Build.0 = Debug|Any CPU
		{CDEDE4E3-A40E-4904-AEC5-63A0CEB8DB15}.Debug|ARM.ActiveCfg = Debug|Any CPU
		{CDEDE4E3-A40E-4904-AEC5-63A0CEB8DB15}.Debug|x64.ActiveCfg = Debug|Any CPU
		{CDEDE4E3-A40E-4904-AEC5-63A0CEB8DB15}.Debug|x86.ActiveCfg = Debug|Any CPU
		{CDEDE4E3-A40E-4904-AEC5-63A0CEB8DB15}.Release|Any CPU.ActiveCfg = Release|Any CPU
		{CDEDE4E3-A40E-4904-AEC5-63A0CEB8DB15}.Release|Any CPU.Build.0 = Release|Any CPU
		{CDEDE4E3-A40E-4904-AEC5-63A0CEB8DB15}.Release|ARM.ActiveCfg = Release|Any CPU
		{CDEDE4E3-A40E-4904-AEC5-63A0CEB8DB15}.Release|x64.ActiveCfg = Release|Any CPU
		{CDEDE4E3-A40E-4904-AEC5-63A0CEB8DB15}.Release|x86.ActiveCfg = Release|Any CPU
		{B12200F6-5ADF-427C-A96D-2FF60CBE2030}.Debug|Any CPU.ActiveCfg = Debug|Any CPU
		{B12200F6-5ADF-427C-A96D-2FF60CBE2030}.Debug|Any CPU.Build.0 = Debug|Any CPU
		{B12200F6-5ADF-427C-A96D-2FF60CBE2030}.Debug|ARM.ActiveCfg = Debug|Any CPU
		{B12200F6-5ADF-427C-A96D-2FF60CBE2030}.Debug|x64.ActiveCfg = Debug|Any CPU
		{B12200F6-5ADF-427C-A96D-2FF60CBE2030}.Debug|x86.ActiveCfg = Debug|Any CPU
		{B12200F6-5ADF-427C-A96D-2FF60CBE2030}.Release|Any CPU.ActiveCfg = Release|Any CPU
		{B12200F6-5ADF-427C-A96D-2FF60CBE2030}.Release|Any CPU.Build.0 = Release|Any CPU
		{B12200F6-5ADF-427C-A96D-2FF60CBE2030}.Release|ARM.ActiveCfg = Release|Any CPU
		{B12200F6-5ADF-427C-A96D-2FF60CBE2030}.Release|x64.ActiveCfg = Release|Any CPU
		{B12200F6-5ADF-427C-A96D-2FF60CBE2030}.Release|x86.ActiveCfg = Release|Any CPU
		{0716E3C6-4231-42B3-88FE-44D29E1D5B9F}.Debug|Any CPU.ActiveCfg = Debug|Any CPU
		{0716E3C6-4231-42B3-88FE-44D29E1D5B9F}.Debug|Any CPU.Build.0 = Debug|Any CPU
		{0716E3C6-4231-42B3-88FE-44D29E1D5B9F}.Debug|ARM.ActiveCfg = Debug|Any CPU
		{0716E3C6-4231-42B3-88FE-44D29E1D5B9F}.Debug|x64.ActiveCfg = Debug|Any CPU
		{0716E3C6-4231-42B3-88FE-44D29E1D5B9F}.Debug|x86.ActiveCfg = Debug|Any CPU
		{0716E3C6-4231-42B3-88FE-44D29E1D5B9F}.Release|Any CPU.ActiveCfg = Release|Any CPU
		{0716E3C6-4231-42B3-88FE-44D29E1D5B9F}.Release|Any CPU.Build.0 = Release|Any CPU
		{0716E3C6-4231-42B3-88FE-44D29E1D5B9F}.Release|ARM.ActiveCfg = Release|Any CPU
		{0716E3C6-4231-42B3-88FE-44D29E1D5B9F}.Release|x64.ActiveCfg = Release|Any CPU
		{0716E3C6-4231-42B3-88FE-44D29E1D5B9F}.Release|x86.ActiveCfg = Release|Any CPU
		{E274A485-1548-46BC-B43A-A1B189D44A4B}.Debug|Any CPU.ActiveCfg = Debug|Any CPU
		{E274A485-1548-46BC-B43A-A1B189D44A4B}.Debug|Any CPU.Build.0 = Debug|Any CPU
		{E274A485-1548-46BC-B43A-A1B189D44A4B}.Debug|ARM.ActiveCfg = Debug|Any CPU
		{E274A485-1548-46BC-B43A-A1B189D44A4B}.Debug|x64.ActiveCfg = Debug|Any CPU
		{E274A485-1548-46BC-B43A-A1B189D44A4B}.Debug|x86.ActiveCfg = Debug|Any CPU
		{E274A485-1548-46BC-B43A-A1B189D44A4B}.Release|Any CPU.ActiveCfg = Release|Any CPU
		{E274A485-1548-46BC-B43A-A1B189D44A4B}.Release|Any CPU.Build.0 = Release|Any CPU
		{E274A485-1548-46BC-B43A-A1B189D44A4B}.Release|ARM.ActiveCfg = Release|Any CPU
		{E274A485-1548-46BC-B43A-A1B189D44A4B}.Release|x64.ActiveCfg = Release|Any CPU
		{E274A485-1548-46BC-B43A-A1B189D44A4B}.Release|x86.ActiveCfg = Release|Any CPU
		{096FE203-3124-466D-9167-2D98CE3AE2A9}.Debug|Any CPU.ActiveCfg = Debug|Any CPU
		{096FE203-3124-466D-9167-2D98CE3AE2A9}.Debug|Any CPU.Build.0 = Debug|Any CPU
		{096FE203-3124-466D-9167-2D98CE3AE2A9}.Debug|ARM.ActiveCfg = Debug|Any CPU
		{096FE203-3124-466D-9167-2D98CE3AE2A9}.Debug|x64.ActiveCfg = Debug|Any CPU
		{096FE203-3124-466D-9167-2D98CE3AE2A9}.Debug|x86.ActiveCfg = Debug|Any CPU
		{096FE203-3124-466D-9167-2D98CE3AE2A9}.Release|Any CPU.ActiveCfg = Release|Any CPU
		{096FE203-3124-466D-9167-2D98CE3AE2A9}.Release|Any CPU.Build.0 = Release|Any CPU
		{096FE203-3124-466D-9167-2D98CE3AE2A9}.Release|ARM.ActiveCfg = Release|Any CPU
		{096FE203-3124-466D-9167-2D98CE3AE2A9}.Release|x64.ActiveCfg = Release|Any CPU
		{096FE203-3124-466D-9167-2D98CE3AE2A9}.Release|x86.ActiveCfg = Release|Any CPU
		{2323F7E4-18DB-4C69-9953-27973B1146ED}.Debug|Any CPU.ActiveCfg = Debug|Any CPU
		{2323F7E4-18DB-4C69-9953-27973B1146ED}.Debug|Any CPU.Build.0 = Debug|Any CPU
		{2323F7E4-18DB-4C69-9953-27973B1146ED}.Debug|ARM.ActiveCfg = Debug|Any CPU
		{2323F7E4-18DB-4C69-9953-27973B1146ED}.Debug|x64.ActiveCfg = Debug|Any CPU
		{2323F7E4-18DB-4C69-9953-27973B1146ED}.Debug|x86.ActiveCfg = Debug|Any CPU
		{2323F7E4-18DB-4C69-9953-27973B1146ED}.Release|Any CPU.ActiveCfg = Release|Any CPU
		{2323F7E4-18DB-4C69-9953-27973B1146ED}.Release|Any CPU.Build.0 = Release|Any CPU
		{2323F7E4-18DB-4C69-9953-27973B1146ED}.Release|ARM.ActiveCfg = Release|Any CPU
		{2323F7E4-18DB-4C69-9953-27973B1146ED}.Release|x64.ActiveCfg = Release|Any CPU
		{2323F7E4-18DB-4C69-9953-27973B1146ED}.Release|x86.ActiveCfg = Release|Any CPU
		{D655424B-F48E-4ADD-9DFA-A2D54754A9EA}.Debug|Any CPU.ActiveCfg = Debug|Any CPU
		{D655424B-F48E-4ADD-9DFA-A2D54754A9EA}.Debug|Any CPU.Build.0 = Debug|Any CPU
		{D655424B-F48E-4ADD-9DFA-A2D54754A9EA}.Debug|ARM.ActiveCfg = Debug|Any CPU
		{D655424B-F48E-4ADD-9DFA-A2D54754A9EA}.Debug|x64.ActiveCfg = Debug|Any CPU
		{D655424B-F48E-4ADD-9DFA-A2D54754A9EA}.Debug|x86.ActiveCfg = Debug|Any CPU
		{D655424B-F48E-4ADD-9DFA-A2D54754A9EA}.Release|Any CPU.ActiveCfg = Release|Any CPU
		{D655424B-F48E-4ADD-9DFA-A2D54754A9EA}.Release|Any CPU.Build.0 = Release|Any CPU
		{D655424B-F48E-4ADD-9DFA-A2D54754A9EA}.Release|ARM.ActiveCfg = Release|Any CPU
		{D655424B-F48E-4ADD-9DFA-A2D54754A9EA}.Release|x64.ActiveCfg = Release|Any CPU
		{D655424B-F48E-4ADD-9DFA-A2D54754A9EA}.Release|x86.ActiveCfg = Release|Any CPU
		{43ACA108-8C51-4467-920A-07C4141DEA80}.Debug|Any CPU.ActiveCfg = Debug|Any CPU
		{43ACA108-8C51-4467-920A-07C4141DEA80}.Debug|Any CPU.Build.0 = Debug|Any CPU
		{43ACA108-8C51-4467-920A-07C4141DEA80}.Debug|Any CPU.Deploy.0 = Debug|Any CPU
		{43ACA108-8C51-4467-920A-07C4141DEA80}.Debug|ARM.ActiveCfg = Debug|ARM
		{43ACA108-8C51-4467-920A-07C4141DEA80}.Debug|ARM.Build.0 = Debug|ARM
		{43ACA108-8C51-4467-920A-07C4141DEA80}.Debug|ARM.Deploy.0 = Debug|ARM
		{43ACA108-8C51-4467-920A-07C4141DEA80}.Debug|x64.ActiveCfg = Debug|x64
		{43ACA108-8C51-4467-920A-07C4141DEA80}.Debug|x64.Build.0 = Debug|x64
		{43ACA108-8C51-4467-920A-07C4141DEA80}.Debug|x64.Deploy.0 = Debug|x64
		{43ACA108-8C51-4467-920A-07C4141DEA80}.Debug|x86.ActiveCfg = Debug|x86
		{43ACA108-8C51-4467-920A-07C4141DEA80}.Debug|x86.Build.0 = Debug|x86
		{43ACA108-8C51-4467-920A-07C4141DEA80}.Debug|x86.Deploy.0 = Debug|x86
		{43ACA108-8C51-4467-920A-07C4141DEA80}.Release|Any CPU.ActiveCfg = Release|Any CPU
		{43ACA108-8C51-4467-920A-07C4141DEA80}.Release|Any CPU.Build.0 = Release|Any CPU
		{43ACA108-8C51-4467-920A-07C4141DEA80}.Release|Any CPU.Deploy.0 = Release|Any CPU
		{43ACA108-8C51-4467-920A-07C4141DEA80}.Release|ARM.ActiveCfg = Release|ARM
		{43ACA108-8C51-4467-920A-07C4141DEA80}.Release|ARM.Build.0 = Release|ARM
		{43ACA108-8C51-4467-920A-07C4141DEA80}.Release|ARM.Deploy.0 = Release|ARM
		{43ACA108-8C51-4467-920A-07C4141DEA80}.Release|x64.ActiveCfg = Release|x64
		{43ACA108-8C51-4467-920A-07C4141DEA80}.Release|x64.Build.0 = Release|x64
		{43ACA108-8C51-4467-920A-07C4141DEA80}.Release|x64.Deploy.0 = Release|x64
		{43ACA108-8C51-4467-920A-07C4141DEA80}.Release|x86.ActiveCfg = Release|x86
		{43ACA108-8C51-4467-920A-07C4141DEA80}.Release|x86.Build.0 = Release|x86
		{43ACA108-8C51-4467-920A-07C4141DEA80}.Release|x86.Deploy.0 = Release|x86
		{46C3EE19-CB9F-435A-9AEB-9A20A8FF2FB2}.Debug|Any CPU.ActiveCfg = Debug|Any CPU
		{46C3EE19-CB9F-435A-9AEB-9A20A8FF2FB2}.Debug|Any CPU.Build.0 = Debug|Any CPU
		{46C3EE19-CB9F-435A-9AEB-9A20A8FF2FB2}.Debug|Any CPU.Deploy.0 = Debug|Any CPU
		{46C3EE19-CB9F-435A-9AEB-9A20A8FF2FB2}.Debug|ARM.ActiveCfg = Debug|ARM
		{46C3EE19-CB9F-435A-9AEB-9A20A8FF2FB2}.Debug|ARM.Build.0 = Debug|ARM
		{46C3EE19-CB9F-435A-9AEB-9A20A8FF2FB2}.Debug|ARM.Deploy.0 = Debug|ARM
		{46C3EE19-CB9F-435A-9AEB-9A20A8FF2FB2}.Debug|x64.ActiveCfg = Debug|Any CPU
		{46C3EE19-CB9F-435A-9AEB-9A20A8FF2FB2}.Debug|x86.ActiveCfg = Debug|x86
		{46C3EE19-CB9F-435A-9AEB-9A20A8FF2FB2}.Debug|x86.Build.0 = Debug|x86
		{46C3EE19-CB9F-435A-9AEB-9A20A8FF2FB2}.Debug|x86.Deploy.0 = Debug|x86
		{46C3EE19-CB9F-435A-9AEB-9A20A8FF2FB2}.Release|Any CPU.ActiveCfg = Release|Any CPU
		{46C3EE19-CB9F-435A-9AEB-9A20A8FF2FB2}.Release|Any CPU.Build.0 = Release|Any CPU
		{46C3EE19-CB9F-435A-9AEB-9A20A8FF2FB2}.Release|Any CPU.Deploy.0 = Release|Any CPU
		{46C3EE19-CB9F-435A-9AEB-9A20A8FF2FB2}.Release|ARM.ActiveCfg = Release|ARM
		{46C3EE19-CB9F-435A-9AEB-9A20A8FF2FB2}.Release|ARM.Build.0 = Release|ARM
		{46C3EE19-CB9F-435A-9AEB-9A20A8FF2FB2}.Release|ARM.Deploy.0 = Release|ARM
		{46C3EE19-CB9F-435A-9AEB-9A20A8FF2FB2}.Release|x64.ActiveCfg = Release|Any CPU
		{46C3EE19-CB9F-435A-9AEB-9A20A8FF2FB2}.Release|x86.ActiveCfg = Release|x86
		{46C3EE19-CB9F-435A-9AEB-9A20A8FF2FB2}.Release|x86.Build.0 = Release|x86
		{46C3EE19-CB9F-435A-9AEB-9A20A8FF2FB2}.Release|x86.Deploy.0 = Release|x86
		{C31F745E-AFE0-4ECC-8166-63E2C3E1195F}.Debug|Any CPU.ActiveCfg = Debug|Any CPU
		{C31F745E-AFE0-4ECC-8166-63E2C3E1195F}.Debug|Any CPU.Build.0 = Debug|Any CPU
		{C31F745E-AFE0-4ECC-8166-63E2C3E1195F}.Debug|ARM.ActiveCfg = Debug|Any CPU
		{C31F745E-AFE0-4ECC-8166-63E2C3E1195F}.Debug|x64.ActiveCfg = Debug|Any CPU
		{C31F745E-AFE0-4ECC-8166-63E2C3E1195F}.Debug|x86.ActiveCfg = Debug|Any CPU
		{C31F745E-AFE0-4ECC-8166-63E2C3E1195F}.Release|Any CPU.ActiveCfg = Release|Any CPU
		{C31F745E-AFE0-4ECC-8166-63E2C3E1195F}.Release|Any CPU.Build.0 = Release|Any CPU
		{C31F745E-AFE0-4ECC-8166-63E2C3E1195F}.Release|ARM.ActiveCfg = Release|Any CPU
		{C31F745E-AFE0-4ECC-8166-63E2C3E1195F}.Release|x64.ActiveCfg = Release|Any CPU
		{C31F745E-AFE0-4ECC-8166-63E2C3E1195F}.Release|x86.ActiveCfg = Release|Any CPU
		{124901E2-35FC-4F20-A6C0-C5BD1386B66E}.Debug|Any CPU.ActiveCfg = Debug|Any CPU
		{124901E2-35FC-4F20-A6C0-C5BD1386B66E}.Debug|Any CPU.Build.0 = Debug|Any CPU
		{124901E2-35FC-4F20-A6C0-C5BD1386B66E}.Debug|ARM.ActiveCfg = Debug|Any CPU
		{124901E2-35FC-4F20-A6C0-C5BD1386B66E}.Debug|x64.ActiveCfg = Debug|Any CPU
		{124901E2-35FC-4F20-A6C0-C5BD1386B66E}.Debug|x86.ActiveCfg = Debug|Any CPU
		{124901E2-35FC-4F20-A6C0-C5BD1386B66E}.Release|Any CPU.ActiveCfg = Release|Any CPU
		{124901E2-35FC-4F20-A6C0-C5BD1386B66E}.Release|Any CPU.Build.0 = Release|Any CPU
		{124901E2-35FC-4F20-A6C0-C5BD1386B66E}.Release|ARM.ActiveCfg = Release|Any CPU
		{124901E2-35FC-4F20-A6C0-C5BD1386B66E}.Release|x64.ActiveCfg = Release|Any CPU
		{124901E2-35FC-4F20-A6C0-C5BD1386B66E}.Release|x86.ActiveCfg = Release|Any CPU
		{CF7C44C1-F0E2-4662-8959-11382BC17DE1}.Debug|Any CPU.ActiveCfg = Debug|Any CPU
		{CF7C44C1-F0E2-4662-8959-11382BC17DE1}.Debug|Any CPU.Build.0 = Debug|Any CPU
		{CF7C44C1-F0E2-4662-8959-11382BC17DE1}.Debug|ARM.ActiveCfg = Debug|Any CPU
		{CF7C44C1-F0E2-4662-8959-11382BC17DE1}.Debug|x64.ActiveCfg = Debug|Any CPU
		{CF7C44C1-F0E2-4662-8959-11382BC17DE1}.Debug|x86.ActiveCfg = Debug|Any CPU
		{CF7C44C1-F0E2-4662-8959-11382BC17DE1}.Release|Any CPU.ActiveCfg = Release|Any CPU
		{CF7C44C1-F0E2-4662-8959-11382BC17DE1}.Release|Any CPU.Build.0 = Release|Any CPU
		{CF7C44C1-F0E2-4662-8959-11382BC17DE1}.Release|ARM.ActiveCfg = Release|Any CPU
		{CF7C44C1-F0E2-4662-8959-11382BC17DE1}.Release|x64.ActiveCfg = Release|Any CPU
		{CF7C44C1-F0E2-4662-8959-11382BC17DE1}.Release|x86.ActiveCfg = Release|Any CPU
		{BB9C3AD0-06BB-43EE-8060-5AACDC370DFC}.Debug|Any CPU.ActiveCfg = Debug|Any CPU
		{BB9C3AD0-06BB-43EE-8060-5AACDC370DFC}.Debug|Any CPU.Build.0 = Debug|Any CPU
		{BB9C3AD0-06BB-43EE-8060-5AACDC370DFC}.Debug|ARM.ActiveCfg = Debug|Any CPU
		{BB9C3AD0-06BB-43EE-8060-5AACDC370DFC}.Debug|x64.ActiveCfg = Debug|Any CPU
		{BB9C3AD0-06BB-43EE-8060-5AACDC370DFC}.Debug|x86.ActiveCfg = Debug|Any CPU
		{BB9C3AD0-06BB-43EE-8060-5AACDC370DFC}.Release|Any CPU.ActiveCfg = Release|Any CPU
		{BB9C3AD0-06BB-43EE-8060-5AACDC370DFC}.Release|Any CPU.Build.0 = Release|Any CPU
		{BB9C3AD0-06BB-43EE-8060-5AACDC370DFC}.Release|ARM.ActiveCfg = Release|Any CPU
		{BB9C3AD0-06BB-43EE-8060-5AACDC370DFC}.Release|x64.ActiveCfg = Release|Any CPU
		{BB9C3AD0-06BB-43EE-8060-5AACDC370DFC}.Release|x86.ActiveCfg = Release|Any CPU
		{F7EA587A-6EDD-4C68-B741-E194D61486FA}.Debug|Any CPU.ActiveCfg = Debug|Any CPU
		{F7EA587A-6EDD-4C68-B741-E194D61486FA}.Debug|Any CPU.Build.0 = Debug|Any CPU
		{F7EA587A-6EDD-4C68-B741-E194D61486FA}.Debug|ARM.ActiveCfg = Debug|Any CPU
		{F7EA587A-6EDD-4C68-B741-E194D61486FA}.Debug|x64.ActiveCfg = Debug|Any CPU
		{F7EA587A-6EDD-4C68-B741-E194D61486FA}.Debug|x86.ActiveCfg = Debug|Any CPU
		{F7EA587A-6EDD-4C68-B741-E194D61486FA}.Release|Any CPU.ActiveCfg = Release|Any CPU
		{F7EA587A-6EDD-4C68-B741-E194D61486FA}.Release|Any CPU.Build.0 = Release|Any CPU
		{F7EA587A-6EDD-4C68-B741-E194D61486FA}.Release|ARM.ActiveCfg = Release|Any CPU
		{F7EA587A-6EDD-4C68-B741-E194D61486FA}.Release|x64.ActiveCfg = Release|Any CPU
		{F7EA587A-6EDD-4C68-B741-E194D61486FA}.Release|x86.ActiveCfg = Release|Any CPU
		{FD5E7479-890E-4C24-A98E-7A87455F331E}.Debug|Any CPU.ActiveCfg = Debug|Any CPU
		{FD5E7479-890E-4C24-A98E-7A87455F331E}.Debug|Any CPU.Build.0 = Debug|Any CPU
		{FD5E7479-890E-4C24-A98E-7A87455F331E}.Debug|ARM.ActiveCfg = Debug|Any CPU
		{FD5E7479-890E-4C24-A98E-7A87455F331E}.Debug|x64.ActiveCfg = Debug|Any CPU
		{FD5E7479-890E-4C24-A98E-7A87455F331E}.Debug|x86.ActiveCfg = Debug|Any CPU
		{FD5E7479-890E-4C24-A98E-7A87455F331E}.Release|Any CPU.ActiveCfg = Release|Any CPU
		{FD5E7479-890E-4C24-A98E-7A87455F331E}.Release|Any CPU.Build.0 = Release|Any CPU
		{FD5E7479-890E-4C24-A98E-7A87455F331E}.Release|ARM.ActiveCfg = Release|Any CPU
		{FD5E7479-890E-4C24-A98E-7A87455F331E}.Release|x64.ActiveCfg = Release|Any CPU
		{FD5E7479-890E-4C24-A98E-7A87455F331E}.Release|x86.ActiveCfg = Release|Any CPU
		{4F90F5B0-A99C-41EB-90F1-1DD5D985BB0D}.Debug|Any CPU.ActiveCfg = Debug|Any CPU
		{4F90F5B0-A99C-41EB-90F1-1DD5D985BB0D}.Debug|Any CPU.Build.0 = Debug|Any CPU
		{4F90F5B0-A99C-41EB-90F1-1DD5D985BB0D}.Debug|ARM.ActiveCfg = Debug|Any CPU
		{4F90F5B0-A99C-41EB-90F1-1DD5D985BB0D}.Debug|x64.ActiveCfg = Debug|Any CPU
		{4F90F5B0-A99C-41EB-90F1-1DD5D985BB0D}.Debug|x86.ActiveCfg = Debug|Any CPU
		{4F90F5B0-A99C-41EB-90F1-1DD5D985BB0D}.Release|Any CPU.ActiveCfg = Release|Any CPU
		{4F90F5B0-A99C-41EB-90F1-1DD5D985BB0D}.Release|Any CPU.Build.0 = Release|Any CPU
		{4F90F5B0-A99C-41EB-90F1-1DD5D985BB0D}.Release|ARM.ActiveCfg = Release|Any CPU
		{4F90F5B0-A99C-41EB-90F1-1DD5D985BB0D}.Release|x64.ActiveCfg = Release|Any CPU
		{4F90F5B0-A99C-41EB-90F1-1DD5D985BB0D}.Release|x86.ActiveCfg = Release|Any CPU
		{1F17B68E-C6D0-45BC-94FA-06A65E3861EF}.Debug|Any CPU.ActiveCfg = Debug|Any CPU
		{1F17B68E-C6D0-45BC-94FA-06A65E3861EF}.Debug|Any CPU.Build.0 = Debug|Any CPU
		{1F17B68E-C6D0-45BC-94FA-06A65E3861EF}.Debug|ARM.ActiveCfg = Debug|Any CPU
		{1F17B68E-C6D0-45BC-94FA-06A65E3861EF}.Debug|x64.ActiveCfg = Debug|Any CPU
		{1F17B68E-C6D0-45BC-94FA-06A65E3861EF}.Debug|x86.ActiveCfg = Debug|Any CPU
		{1F17B68E-C6D0-45BC-94FA-06A65E3861EF}.Release|Any CPU.ActiveCfg = Release|Any CPU
		{1F17B68E-C6D0-45BC-94FA-06A65E3861EF}.Release|Any CPU.Build.0 = Release|Any CPU
		{1F17B68E-C6D0-45BC-94FA-06A65E3861EF}.Release|ARM.ActiveCfg = Release|Any CPU
		{1F17B68E-C6D0-45BC-94FA-06A65E3861EF}.Release|x64.ActiveCfg = Release|Any CPU
		{1F17B68E-C6D0-45BC-94FA-06A65E3861EF}.Release|x86.ActiveCfg = Release|Any CPU
		{CB2A4C11-4E2E-4E38-9C33-2995E880A5C6}.Debug|Any CPU.ActiveCfg = Debug|Any CPU
		{CB2A4C11-4E2E-4E38-9C33-2995E880A5C6}.Debug|Any CPU.Build.0 = Debug|Any CPU
		{CB2A4C11-4E2E-4E38-9C33-2995E880A5C6}.Debug|ARM.ActiveCfg = Debug|Any CPU
		{CB2A4C11-4E2E-4E38-9C33-2995E880A5C6}.Debug|x64.ActiveCfg = Debug|Any CPU
		{CB2A4C11-4E2E-4E38-9C33-2995E880A5C6}.Debug|x86.ActiveCfg = Debug|Any CPU
		{CB2A4C11-4E2E-4E38-9C33-2995E880A5C6}.Release|Any CPU.ActiveCfg = Release|Any CPU
		{CB2A4C11-4E2E-4E38-9C33-2995E880A5C6}.Release|Any CPU.Build.0 = Release|Any CPU
		{CB2A4C11-4E2E-4E38-9C33-2995E880A5C6}.Release|ARM.ActiveCfg = Release|Any CPU
		{CB2A4C11-4E2E-4E38-9C33-2995E880A5C6}.Release|x64.ActiveCfg = Release|Any CPU
		{CB2A4C11-4E2E-4E38-9C33-2995E880A5C6}.Release|x86.ActiveCfg = Release|Any CPU
		{0F670C6B-ED17-4ED5-BD43-CAB856CB7229}.Debug|Any CPU.ActiveCfg = Debug|Any CPU
		{0F670C6B-ED17-4ED5-BD43-CAB856CB7229}.Debug|Any CPU.Build.0 = Debug|Any CPU
		{0F670C6B-ED17-4ED5-BD43-CAB856CB7229}.Debug|ARM.ActiveCfg = Debug|Any CPU
		{0F670C6B-ED17-4ED5-BD43-CAB856CB7229}.Debug|x64.ActiveCfg = Debug|Any CPU
		{0F670C6B-ED17-4ED5-BD43-CAB856CB7229}.Debug|x86.ActiveCfg = Debug|Any CPU
		{0F670C6B-ED17-4ED5-BD43-CAB856CB7229}.Release|Any CPU.ActiveCfg = Release|Any CPU
		{0F670C6B-ED17-4ED5-BD43-CAB856CB7229}.Release|Any CPU.Build.0 = Release|Any CPU
		{0F670C6B-ED17-4ED5-BD43-CAB856CB7229}.Release|ARM.ActiveCfg = Release|Any CPU
		{0F670C6B-ED17-4ED5-BD43-CAB856CB7229}.Release|x64.ActiveCfg = Release|Any CPU
		{0F670C6B-ED17-4ED5-BD43-CAB856CB7229}.Release|x86.ActiveCfg = Release|Any CPU
		{55DD9559-5699-4CCE-B4DD-6AFC7570D3A9}.Debug|Any CPU.ActiveCfg = Debug|Any CPU
		{55DD9559-5699-4CCE-B4DD-6AFC7570D3A9}.Debug|Any CPU.Build.0 = Debug|Any CPU
		{55DD9559-5699-4CCE-B4DD-6AFC7570D3A9}.Debug|ARM.ActiveCfg = Debug|Any CPU
		{55DD9559-5699-4CCE-B4DD-6AFC7570D3A9}.Debug|x64.ActiveCfg = Debug|Any CPU
		{55DD9559-5699-4CCE-B4DD-6AFC7570D3A9}.Debug|x86.ActiveCfg = Debug|Any CPU
		{55DD9559-5699-4CCE-B4DD-6AFC7570D3A9}.Release|Any CPU.ActiveCfg = Release|Any CPU
		{55DD9559-5699-4CCE-B4DD-6AFC7570D3A9}.Release|Any CPU.Build.0 = Release|Any CPU
		{55DD9559-5699-4CCE-B4DD-6AFC7570D3A9}.Release|ARM.ActiveCfg = Release|Any CPU
		{55DD9559-5699-4CCE-B4DD-6AFC7570D3A9}.Release|x64.ActiveCfg = Release|Any CPU
		{55DD9559-5699-4CCE-B4DD-6AFC7570D3A9}.Release|x86.ActiveCfg = Release|Any CPU
		{C5302BB9-E296-444F-9C6F-293FDF096408}.Debug|Any CPU.ActiveCfg = Debug|Any CPU
		{C5302BB9-E296-444F-9C6F-293FDF096408}.Debug|Any CPU.Build.0 = Debug|Any CPU
		{C5302BB9-E296-444F-9C6F-293FDF096408}.Debug|ARM.ActiveCfg = Debug|Any CPU
		{C5302BB9-E296-444F-9C6F-293FDF096408}.Debug|x64.ActiveCfg = Debug|Any CPU
		{C5302BB9-E296-444F-9C6F-293FDF096408}.Debug|x86.ActiveCfg = Debug|Any CPU
		{C5302BB9-E296-444F-9C6F-293FDF096408}.Release|Any CPU.ActiveCfg = Release|Any CPU
		{C5302BB9-E296-444F-9C6F-293FDF096408}.Release|Any CPU.Build.0 = Release|Any CPU
		{C5302BB9-E296-444F-9C6F-293FDF096408}.Release|ARM.ActiveCfg = Release|Any CPU
		{C5302BB9-E296-444F-9C6F-293FDF096408}.Release|x64.ActiveCfg = Release|Any CPU
		{C5302BB9-E296-444F-9C6F-293FDF096408}.Release|x86.ActiveCfg = Release|Any CPU
	EndGlobalSection
	GlobalSection(SolutionProperties) = preSolution
		HideSolutionNode = FALSE
	EndGlobalSection
	GlobalSection(NestedProjects) = preSolution
		{890DC9B1-C82F-41D6-83FE-BB6BD2F818EB} = {04CA4797-CFCA-46EB-B63F-78696F8C97EA}
		{43ACA108-8C51-4467-920A-07C4141DEA80} = {04CA4797-CFCA-46EB-B63F-78696F8C97EA}
		{46C3EE19-CB9F-435A-9AEB-9A20A8FF2FB2} = {04CA4797-CFCA-46EB-B63F-78696F8C97EA}
	EndGlobalSection
EndGlobal
